
Microsoft Visual Studio Solution File, Format Version 12.00
# Visual Studio Version 17
VisualStudioVersion = 17.6.33829.357
MinimumVisualStudioVersion = 10.0.40219.1
Project("{6EC3EE1D-3C4E-46DD-8F32-0CC8E7565705}") = "FSharp.Data.Validation", "src\FSharp.Data.Validation\FSharp.Data.Validation.fsproj", "{7676B856-8E80-4330-BD0F-4F4A18EE72E4}"
EndProject
Project("{6EC3EE1D-3C4E-46DD-8F32-0CC8E7565705}") = "FSharp.Data.Validation.Samples", "samples\FSharp.Data.Validation.Samples\FSharp.Data.Validation.Samples.fsproj", "{A5490A1B-B8C5-42CE-ACCE-7B1BFE7E4483}"
EndProject
Project("{6EC3EE1D-3C4E-46DD-8F32-0CC8E7565705}") = "GettingStarted", "samples\GettingStarted\GettingStarted.fsproj", "{C3A30080-0116-460A-B829-7898C0EC980C}"
EndProject
Project("{6EC3EE1D-3C4E-46DD-8F32-0CC8E7565705}") = "FSharp.Data.Validation.Tests", "tests\FSharp.Data.Validation.Tests\FSharp.Data.Validation.Tests.fsproj", "{D1DF85B0-E745-44E7-9851-0D4E7B3ED0DD}"
EndProject
Project("{6EC3EE1D-3C4E-46DD-8F32-0CC8E7565705}") = "FSharp.Data.Validation.Giraffe", "src\FSharp.Data.Validation.Giraffe\FSharp.Data.Validation.Giraffe.fsproj", "{99EA41F7-1E77-4DD2-9D2E-9F7BE20441FB}"
EndProject
Global
	GlobalSection(SolutionConfigurationPlatforms) = preSolution
		Debug|Any CPU = Debug|Any CPU
		Debug|x64 = Debug|x64
		Debug|x86 = Debug|x86
		Release|Any CPU = Release|Any CPU
		Release|x64 = Release|x64
		Release|x86 = Release|x86
	EndGlobalSection
	GlobalSection(ProjectConfigurationPlatforms) = postSolution
		{7676B856-8E80-4330-BD0F-4F4A18EE72E4}.Debug|Any CPU.ActiveCfg = Debug|Any CPU
		{7676B856-8E80-4330-BD0F-4F4A18EE72E4}.Debug|Any CPU.Build.0 = Debug|Any CPU
		{7676B856-8E80-4330-BD0F-4F4A18EE72E4}.Debug|x64.ActiveCfg = Debug|Any CPU
		{7676B856-8E80-4330-BD0F-4F4A18EE72E4}.Debug|x64.Build.0 = Debug|Any CPU
		{7676B856-8E80-4330-BD0F-4F4A18EE72E4}.Debug|x86.ActiveCfg = Debug|Any CPU
		{7676B856-8E80-4330-BD0F-4F4A18EE72E4}.Debug|x86.Build.0 = Debug|Any CPU
		{7676B856-8E80-4330-BD0F-4F4A18EE72E4}.Release|Any CPU.ActiveCfg = Release|Any CPU
		{7676B856-8E80-4330-BD0F-4F4A18EE72E4}.Release|Any CPU.Build.0 = Release|Any CPU
		{7676B856-8E80-4330-BD0F-4F4A18EE72E4}.Release|x64.ActiveCfg = Release|Any CPU
		{7676B856-8E80-4330-BD0F-4F4A18EE72E4}.Release|x64.Build.0 = Release|Any CPU
		{7676B856-8E80-4330-BD0F-4F4A18EE72E4}.Release|x86.ActiveCfg = Release|Any CPU
		{7676B856-8E80-4330-BD0F-4F4A18EE72E4}.Release|x86.Build.0 = Release|Any CPU
		{A5490A1B-B8C5-42CE-ACCE-7B1BFE7E4483}.Debug|Any CPU.ActiveCfg = Debug|Any CPU
		{A5490A1B-B8C5-42CE-ACCE-7B1BFE7E4483}.Debug|Any CPU.Build.0 = Debug|Any CPU
		{A5490A1B-B8C5-42CE-ACCE-7B1BFE7E4483}.Debug|x64.ActiveCfg = Debug|Any CPU
		{A5490A1B-B8C5-42CE-ACCE-7B1BFE7E4483}.Debug|x64.Build.0 = Debug|Any CPU
		{A5490A1B-B8C5-42CE-ACCE-7B1BFE7E4483}.Debug|x86.ActiveCfg = Debug|Any CPU
		{A5490A1B-B8C5-42CE-ACCE-7B1BFE7E4483}.Debug|x86.Build.0 = Debug|Any CPU
		{A5490A1B-B8C5-42CE-ACCE-7B1BFE7E4483}.Release|Any CPU.ActiveCfg = Release|Any CPU
		{A5490A1B-B8C5-42CE-ACCE-7B1BFE7E4483}.Release|Any CPU.Build.0 = Release|Any CPU
		{A5490A1B-B8C5-42CE-ACCE-7B1BFE7E4483}.Release|x64.ActiveCfg = Release|Any CPU
		{A5490A1B-B8C5-42CE-ACCE-7B1BFE7E4483}.Release|x64.Build.0 = Release|Any CPU
		{A5490A1B-B8C5-42CE-ACCE-7B1BFE7E4483}.Release|x86.ActiveCfg = Release|Any CPU
		{A5490A1B-B8C5-42CE-ACCE-7B1BFE7E4483}.Release|x86.Build.0 = Release|Any CPU
		{C3A30080-0116-460A-B829-7898C0EC980C}.Debug|Any CPU.ActiveCfg = Debug|Any CPU
		{C3A30080-0116-460A-B829-7898C0EC980C}.Debug|Any CPU.Build.0 = Debug|Any CPU
		{C3A30080-0116-460A-B829-7898C0EC980C}.Debug|x64.ActiveCfg = Debug|Any CPU
		{C3A30080-0116-460A-B829-7898C0EC980C}.Debug|x64.Build.0 = Debug|Any CPU
		{C3A30080-0116-460A-B829-7898C0EC980C}.Debug|x86.ActiveCfg = Debug|Any CPU
		{C3A30080-0116-460A-B829-7898C0EC980C}.Debug|x86.Build.0 = Debug|Any CPU
		{C3A30080-0116-460A-B829-7898C0EC980C}.Release|Any CPU.ActiveCfg = Release|Any CPU
		{C3A30080-0116-460A-B829-7898C0EC980C}.Release|Any CPU.Build.0 = Release|Any CPU
		{C3A30080-0116-460A-B829-7898C0EC980C}.Release|x64.ActiveCfg = Release|Any CPU
		{C3A30080-0116-460A-B829-7898C0EC980C}.Release|x64.Build.0 = Release|Any CPU
		{C3A30080-0116-460A-B829-7898C0EC980C}.Release|x86.ActiveCfg = Release|Any CPU
		{C3A30080-0116-460A-B829-7898C0EC980C}.Release|x86.Build.0 = Release|Any CPU
		{D1DF85B0-E745-44E7-9851-0D4E7B3ED0DD}.Debug|Any CPU.ActiveCfg = Debug|Any CPU
		{D1DF85B0-E745-44E7-9851-0D4E7B3ED0DD}.Debug|Any CPU.Build.0 = Debug|Any CPU
		{D1DF85B0-E745-44E7-9851-0D4E7B3ED0DD}.Debug|x64.ActiveCfg = Debug|Any CPU
		{D1DF85B0-E745-44E7-9851-0D4E7B3ED0DD}.Debug|x64.Build.0 = Debug|Any CPU
		{D1DF85B0-E745-44E7-9851-0D4E7B3ED0DD}.Debug|x86.ActiveCfg = Debug|Any CPU
		{D1DF85B0-E745-44E7-9851-0D4E7B3ED0DD}.Debug|x86.Build.0 = Debug|Any CPU
		{D1DF85B0-E745-44E7-9851-0D4E7B3ED0DD}.Release|Any CPU.ActiveCfg = Release|Any CPU
		{D1DF85B0-E745-44E7-9851-0D4E7B3ED0DD}.Release|Any CPU.Build.0 = Release|Any CPU
		{D1DF85B0-E745-44E7-9851-0D4E7B3ED0DD}.Release|x64.ActiveCfg = Release|Any CPU
		{D1DF85B0-E745-44E7-9851-0D4E7B3ED0DD}.Release|x64.Build.0 = Release|Any CPU
		{D1DF85B0-E745-44E7-9851-0D4E7B3ED0DD}.Release|x86.ActiveCfg = Release|Any CPU
		{D1DF85B0-E745-44E7-9851-0D4E7B3ED0DD}.Release|x86.Build.0 = Release|Any CPU
		{99EA41F7-1E77-4DD2-9D2E-9F7BE20441FB}.Debug|Any CPU.ActiveCfg = Debug|Any CPU
		{99EA41F7-1E77-4DD2-9D2E-9F7BE20441FB}.Debug|Any CPU.Build.0 = Debug|Any CPU
		{99EA41F7-1E77-4DD2-9D2E-9F7BE20441FB}.Debug|x64.ActiveCfg = Debug|Any CPU
		{99EA41F7-1E77-4DD2-9D2E-9F7BE20441FB}.Debug|x64.Build.0 = Debug|Any CPU
		{99EA41F7-1E77-4DD2-9D2E-9F7BE20441FB}.Debug|x86.ActiveCfg = Debug|Any CPU
		{99EA41F7-1E77-4DD2-9D2E-9F7BE20441FB}.Debug|x86.Build.0 = Debug|Any CPU
		{99EA41F7-1E77-4DD2-9D2E-9F7BE20441FB}.Release|Any CPU.ActiveCfg = Release|Any CPU
		{99EA41F7-1E77-4DD2-9D2E-9F7BE20441FB}.Release|Any CPU.Build.0 = Release|Any CPU
		{99EA41F7-1E77-4DD2-9D2E-9F7BE20441FB}.Release|x64.ActiveCfg = Release|Any CPU
		{99EA41F7-1E77-4DD2-9D2E-9F7BE20441FB}.Release|x64.Build.0 = Release|Any CPU
		{99EA41F7-1E77-4DD2-9D2E-9F7BE20441FB}.Release|x86.ActiveCfg = Release|Any CPU
		{99EA41F7-1E77-4DD2-9D2E-9F7BE20441FB}.Release|x86.Build.0 = Release|Any CPU
	EndGlobalSection
	GlobalSection(SolutionProperties) = preSolution
		HideSolutionNode = FALSE
	EndGlobalSection
	GlobalSection(ExtensibilityGlobals) = postSolution
		SolutionGuid = {51A59B35-DF1E-4F55-86A9-D3C1C22C698D}
	EndGlobalSection
EndGlobal
