{
  "version": 1,
  "dependencies": {
    "net8.0": {
      "FSharp.Core": {
        "type": "Direct",
        "requested": "[6.0.0, )",
        "resolved": "6.0.0",
        "contentHash": "fbv1UwJ2LXVcFCt+GGDPu0sIYA5C6gdDvAupDj3iLQF3clRkua/6J33f+FiGQa8P1tEa+zmz3wrjoTnXZ1UiYg=="
      },
      "fsharp.data.validation": {
        "type": "Project",
        "dependencies": {
          "FSharp.Core": "[6.0.0, )"
        }
      }
    }
  }
}