{
  "version": 1,
  "dependencies": {
    "net8.0": {
      "FSharp.Core": {
        "type": "Direct",
        "requested": "[8.0.100, )",
        "resolved": "8.0.100",
        "contentHash": "ZOVZ/o+jI3ormTZOa28Wh0tSRoyle1f7lKFcUN61sPiXI7eDZu8eSveFybgTeyIEyW0ujjp31cp7GOglDgsNEg=="
      },
      "FSharpPlus": {
        "type": "Transitive",
        "resolved": "1.4.0",
        "contentHash": "He6WVVTZpeMQNBlFHniemTSCWITKgwLIgmznNt2kw0U9G/xWSx7USdssGXd2FGmcpk2FlHInYZNwUw848tI0SQ==",
        "dependencies": {
          "FSharp.Core": "6.0.6"
        }
      },
      "fsharp.data.validation": {
        "type": "Project",
        "dependencies": {
          "FSharp.Core": "[8.0.100, )",
          "FSharpPlus": "[1.4.0, )"
        }
      }
    }
  }
}