{
  "version": 1,
  "dependencies": {
    "net10.0": {
      "FSharp.Core": {
        "type": "Direct",
        "requested": "[10.0.100, )",
        "resolved": "10.0.100",
        "contentHash": "c/r6T/HE9MWL0O0OispLtaKhVwDsiYQlLS249LoxSo1HNH/wfc0f5DE4pI6WpTXkCEdeXa66K5f9FmKLr/0cmw=="
      },
      "FSharpPlus": {
        "type": "Transitive",
        "resolved": "1.4.0",
        "contentHash": "He6WVVTZpeMQNBlFHniemTSCWITKgwLIgmznNt2kw0U9G/xWSx7USdssGXd2FGmcpk2FlHInYZNwUw848tI0SQ==",
        "dependencies": {
          "FSharp.Core": "6.0.6"
        }
      },
      "fsharp.data.validation": {
        "type": "Project",
        "dependencies": {
          "FSharp.Core": "[10.0.100, )",
          "FSharpPlus": "[1.4.0, )"
        }
      }
    }
  }
}